
Microsoft Visual Studio Solution File, Format Version 12.00
# Visual Studio 15
VisualStudioVersion = 15.0.28307.645
MinimumVisualStudioVersion = 10.0.40219.1
Project("{FAE04EC0-301F-11D3-BF4B-00C04F79EFBC}") = "TestFunParam", "TestFunParam\TestFunParam.csproj", "{4CDD1847-F3FD-4910-8AEC-600F017B4571}"
EndProject
Global
	GlobalSection(SolutionConfigurationPlatforms) = preSolution
		Debug|Any CPU = Debug|Any CPU
		Release|Any CPU = Release|Any CPU
	EndGlobalSection
	GlobalSection(ProjectConfigurationPlatforms) = postSolution
		{4CDD1847-F3FD-4910-8AEC-600F017B4571}.Debug|Any CPU.ActiveCfg = Debug|Any CPU
		{4CDD1847-F3FD-4910-8AEC-600F017B4571}.Debug|Any CPU.Build.0 = Debug|Any CPU
		{4CDD1847-F3FD-4910-8AEC-600F017B4571}.Release|Any CPU.ActiveCfg = Release|Any CPU
		{4CDD1847-F3FD-4910-8AEC-600F017B4571}.Release|Any CPU.Build.0 = Release|Any CPU
	EndGlobalSection
	GlobalSection(SolutionProperties) = preSolution
		HideSolutionNode = FALSE
	EndGlobalSection
	GlobalSection(ExtensibilityGlobals) = postSolution
		SolutionGuid = {F60B535D-C9BF-4566-8552-BE2BB788811F}
	EndGlobalSection
EndGlobal
